
Microsoft Visual Studio Solution File, Format Version 12.00
# Visual Studio Version 17
VisualStudioVersion = 17.5.33530.505
MinimumVisualStudioVersion = 10.0.40219.1
Project("{9A19103F-16F7-4668-BE54-9A1E7A4F7556}") = "ACSEmailOutputBinding", "ACSEmailOutputBinding\ACSEmailOutputBinding.csproj", "{3079F49C-3CD9-4B5F-B145-CDE88B670E8A}"
EndProject
Project("{9A19103F-16F7-4668-BE54-9A1E7A4F7556}") = "FunctionApp1", "FunctionApp1\FunctionApp1.csproj", "{90DEFFFA-CA74-4C4B-B5C7-BC370DDB458E}"
EndProject
Global
	GlobalSection(SolutionConfigurationPlatforms) = preSolution
		Debug|Any CPU = Debug|Any CPU
		Release|Any CPU = Release|Any CPU
	EndGlobalSection
	GlobalSection(ProjectConfigurationPlatforms) = postSolution
		{3079F49C-3CD9-4B5F-B145-CDE88B670E8A}.Debug|Any CPU.ActiveCfg = Debug|Any CPU
		{3079F49C-3CD9-4B5F-B145-CDE88B670E8A}.Debug|Any CPU.Build.0 = Debug|Any CPU
		{3079F49C-3CD9-4B5F-B145-CDE88B670E8A}.Release|Any CPU.ActiveCfg = Release|Any CPU
		{3079F49C-3CD9-4B5F-B145-CDE88B670E8A}.Release|Any CPU.Build.0 = Release|Any CPU
		{90DEFFFA-CA74-4C4B-B5C7-BC370DDB458E}.Debug|Any CPU.ActiveCfg = Debug|Any CPU
		{90DEFFFA-CA74-4C4B-B5C7-BC370DDB458E}.Debug|Any CPU.Build.0 = Debug|Any CPU
		{90DEFFFA-CA74-4C4B-B5C7-BC370DDB458E}.Release|Any CPU.ActiveCfg = Release|Any CPU
		{90DEFFFA-CA74-4C4B-B5C7-BC370DDB458E}.Release|Any CPU.Build.0 = Release|Any CPU
	EndGlobalSection
	GlobalSection(SolutionProperties) = preSolution
		HideSolutionNode = FALSE
	EndGlobalSection
	GlobalSection(ExtensibilityGlobals) = postSolution
		SolutionGuid = {6EB8A4AA-B978-4C48-ADAD-F5AC70823559}
	EndGlobalSection
EndGlobal
